PODS:
  - FBSnapshotTestCase (2.1.4):
    - FBSnapshotTestCase/SwiftSupport (= 2.1.4)
  - FBSnapshotTestCase/Core (2.1.4)
  - FBSnapshotTestCase/SwiftSupport (2.1.4):
    - FBSnapshotTestCase/Core
  - iOSSnapshotTestCase (6.0.3):
    - iOSSnapshotTestCase/SwiftSupport (= 6.0.3)
  - iOSSnapshotTestCase/Core (6.0.3)
  - iOSSnapshotTestCase/SwiftSupport (6.0.3):
    - iOSSnapshotTestCase/Core
  - Nimble (8.0.1)
  - Nimble-Snapshots (7.1.0):
    - Nimble-Snapshots/Core (= 7.1.0)
  - Nimble-Snapshots/Core (7.1.0):
    - iOSSnapshotTestCase (~> 6.0)
    - Nimble (~> 8.0)
  - NSString-Hash (0.0.1)
  - Quick (2.0.0)
  - RDMWaveformView (0.1.0):
    - NSString-Hash (~> 0.0.1)
    - SparseRanges
  - SparseRanges (0.1.0)

DEPENDENCIES:
  - FBSnapshotTestCase
  - Nimble (~> 8.0.1)
  - Nimble-Snapshots
  - Quick (~> 2.0.0)
  - RDMWaveformView (from `../`)
  - "SparseRanges (from `git@reedom.github.com:reedom/SparseRanges.git`)"

SPEC REPOS:
  https://github.com/cocoapods/specs.git:
    - FBSnapshotTestCase
    - iOSSnapshotTestCase
    - Nimble
    - Nimble-Snapshots
    - NSString-Hash
    - Quick

EXTERNAL SOURCES:
  RDMWaveformView:
    :path: "../"
  SparseRanges:
    :git: "git@reedom.github.com:reedom/SparseRanges.git"

CHECKOUT OPTIONS:
  SparseRanges:
    :commit: a22e4add142834a97852b3e969d6b021a4a80660
    :git: "git@reedom.github.com:reedom/SparseRanges.git"

SPEC CHECKSUMS:
  FBSnapshotTestCase: 094f9f314decbabe373b87cc339bea235a63e07a
  iOSSnapshotTestCase: 944a73f6d9676302811a86c0cf35f0e6ef5ab2a0
  Nimble: 45f786ae66faa9a709624227fae502db55a8bdd0
  Nimble-Snapshots: 2ec985281eef0eb9fc69a469deee851363a50d0e
  NSString-Hash: 59c428d8a5f0f85ec443ef9865107832b8a845e7
  Quick: ce1276c7c27ba2da3cb2fd0cde053c3648b3b22d
  RDMWaveformView: cbdd435a97516d6ecb8a7a5208ae9e9657dbb8c3
  SparseRanges: 260768892c0ae4bdb55d67b1a9d2e59019b4cc1f

PODFILE CHECKSUM: 91453427261bf70c409161ea81ff2efc412d6867

COCOAPODS: 1.6.1
